version = 1
revision = 3
requires-python = ">=3.10"

[[package]]
name = "zizmor"
version = "1.30.1"
source = { registry = "https://pypi.org/simple" }
sdist = { url = "https://files.pythonhosted.org/packages/a7/c5/3d3dc61c0b64c082e1f704f5cf44f6a38153adbccf8787dd06a1a0ed14e0/zizmor-1.30.1.tar.gz", hash = "sha256:cbb7e5cb2fec471066d5c326bcaa69ed3eefdcf6a76d7ad38335b924acf86c07", size = 575745, upload-time = "2026-09-09T05:27:21.325Z" }
wheels = [
    { url = "https://files.pythonhosted.org/packages/22/a1/a877361a6c6ae13fb0ff4ed3c9d681ccddb9c838c5c3ca8f163a0fcfded9/zizmor-1.30.1-py3-none-macosx_10_12_x86_64.whl", hash = "sha256:17fda74e15fe41a6aa354ea4cf71fc7ff3cd025cda6584bb6d7466b3f1d00fe6", size = 9148491, upload-time = "2026-09-09T05:26:58.842Z" },
    { url = "https://files.pythonhosted.org/packages/eb/0e/ea44a8f466b9a080dc0634497f6c9ee63dd586a94f5e2cd743e06c4df140/zizmor-1.30.1-py3-none-macosx_11_0_arm64.whl", hash = "sha256:f9eb092f089e35fa9fb3b70aeec0a19eca7dacf2ab161f1d50b18351895f085c", size = 8743712, upload-time = "2026-09-09T05:27:01.342Z" },
    { url = "https://files.pythonhosted.org/packages/37/9c/43764a6e9eb5ad5a332202afc3e63622e3380669ecf7079b6b0de892e474/zizmor-1.30.1-py3-none-manylinux_2_24_aarch64.whl", hash = "sha256:92906f448365672ebb657fb50d36f997290a3aaba8cac723214741ea9054845d", size = 9009843, upload-time = "2026-09-09T05:27:03.522Z" },
    { url = "https://files.pythonhosted.org/packages/cf/2d/96c9c7b37e46e2b092e5daac3c6e9d4966ed7b58845f3f04950043d89c34/zizmor-1.30.1-py3-none-manylinux_2_28_armv7l.whl", hash = "sha256:5e8a3d54c3d9d51307371f4d1d49f8f9e56de00205c6cc660c6846a95ad4e135", size = 8620204, upload-time = "2026-09-09T05:27:06.001Z" },
    { url = "https://files.pythonhosted.org/packages/63/55/1900b53d34dcebc207cf3ceb7957b3748e8bb40958f062e3853ab72f2395/zizmor-1.30.1-py3-none-manylinux_2_28_x86_64.whl", hash = "sha256:eee12266b793cb87ad4a7e3af2e72404f8a63e3de5eb099b80bf7b1cfd232a8e", size = 9467893, upload-time = "2026-09-09T05:27:08.07Z" },
    { url = "https://files.pythonhosted.org/packages/9b/aa/d998bbdebf1f40e0d3dd027f94bceb961065640b29bc82bf5ffa9266fdb9/zizmor-1.30.1-py3-none-musllinux_1_2_aarch64.whl", hash = "sha256:15679642e8c4f825ba3f22537c698b1bbbad19ead23640f62ec45ebbe7abc803", size = 9038587, upload-time = "2026-09-09T05:27:10.226Z" },
    { url = "https://files.pythonhosted.org/packages/e0/16/0512afae720fd4b7e22bbb6f5bdd24fad49d6b1b92cd34ac71e0d8076109/zizmor-1.30.1-py3-none-musllinux_1_2_armv7l.whl", hash = "sha256:bf63099a27ef3bf1329dbab44bb9d1027124855c71bd0eca864d5c8e1c5c0db1", size = 8583701, upload-time = "2026-09-09T05:27:12.73Z" },
    { url = "https://files.pythonhosted.org/packages/ca/ff/72efacfb79177835609fe712e9d543a0e5a05d41e3774e907f0b610c8619/zizmor-1.30.1-py3-none-musllinux_1_2_x86_64.whl", hash = "sha256:4a5ef2fa4fbd2984f794cfc2f95790bd03fa0bae801487ed550e044675874e60", size = 9558806, upload-time = "2026-09-09T05:27:15.124Z" },
    { url = "https://files.pythonhosted.org/packages/bb/64/1746121c819319ad7e9d0dfaa96de38dc52d4ac5f6485472b11362f3c6ba/zizmor-1.30.1-py3-none-win32.whl", hash = "sha256:42512bb4a1bce4c787d221d1572ff6b691fa52a3d129b2910be8afaf860c5871", size = 7773805, upload-time = "2026-09-09T05:27:17.218Z" },
    { url = "https://files.pythonhosted.org/packages/db/fe/2889fcbcf7728dd5e013bae7cf5c4e634d981a9e26d55e1da6ab9006404f/zizmor-1.30.1-py3-none-win_amd64.whl", hash = "sha256:06e039fae8e185e2a1a8b002f2d95a6f5c3b548048bdd79e004dcb501fcd0868", size = 8925696, upload-time = "2026-09-09T05:27:19.159Z" },
]

[[package]]
name = "zizmor-action"
version = "0.0.0"
source = { virtual = "." }
dependencies = [
    { name = "zizmor" },
]

[package.metadata]
requires-dist = [{ name = "zizmor", specifier = "==1.30.1" }]
